
Microsoft Visual Studio Solution File, Format Version 12.00
# Visual Studio Version 17
VisualStudioVersion = 17.9.34902.65
MinimumVisualStudioVersion = 10.0.40219.1
Project("{FAE04EC0-301F-11D3-BF4B-00C04F79EFBC}") = "Maktab_Cw12", "Maktab_Cw12\Maktab_Cw12.csproj", "{20EAC0A2-FF88-4B50-BCC3-0A2A47D8578C}"
EndProject
Global
	GlobalSection(SolutionConfigurationPlatforms) = preSolution
		Debug|Any CPU = Debug|Any CPU
		Release|Any CPU = Release|Any CPU
	EndGlobalSection
	GlobalSection(ProjectConfigurationPlatforms) = postSolution
		{20EAC0A2-FF88-4B50-BCC3-0A2A47D8578C}.Debug|Any CPU.ActiveCfg = Debug|Any CPU
		{20EAC0A2-FF88-4B50-BCC3-0A2A47D8578C}.Debug|Any CPU.Build.0 = Debug|Any CPU
		{20EAC0A2-FF88-4B50-BCC3-0A2A47D8578C}.Release|Any CPU.ActiveCfg = Release|Any CPU
		{20EAC0A2-FF88-4B50-BCC3-0A2A47D8578C}.Release|Any CPU.Build.0 = Release|Any CPU
	EndGlobalSection
	GlobalSection(SolutionProperties) = preSolution
		HideSolutionNode = FALSE
	EndGlobalSection
	GlobalSection(ExtensibilityGlobals) = postSolution
		SolutionGuid = {0E535437-66E5-4341-B357-CDA13AF76F62}
	EndGlobalSection
EndGlobal
